lockfileVersion: 5.3

specifiers:
  '@types/jquery': ^3.5.11
  jquery: ^3.6.0
  typescript: ^4.6.4

dependencies:
  jquery: 3.6.0

devDependencies:
  '@types/jquery': 3.5.11
  typescript: 4.6.4

packages:

  /@types/jquery/3.5.11:
    resolution: {integrity: sha512-lYZGdfOtUa0XFjIATQgiogqeTY5PNNMOmp3Jq48ghmJALL8t/IqABRqlEwdHfuUdA8iIE1uGD1HoI4a7Tiy6OA==}
    dependencies:
      '@types/sizzle': 2.3.3
    dev: true

  /@types/sizzle/2.3.3:
    resolution: {integrity: sha512-JYM8x9EGF163bEyhdJBpR2QX1R5naCJHC8ucJylJ3w9/CVBaskdQ8WqBf8MmQrd1kRvp/a4TS8HJ+bxzR7ZJYQ==}
    dev: true

  /jquery/3.6.0:
    resolution: {integrity: sha512-JVzAR/AjBvVt2BmYhxRCSYysDsPcssdmTFnzyLEts9qNwmjmu4JTAMYubEfwVOSwpQ1I1sKKFcxhZCI2buerfw==}
    dev: false

  /typescript/4.6.4:
    resolution: {integrity: sha512-9ia/jWHIEbo49HfjrLGfKbZSuWo9iTMwXO+Ca3pRsSpbsMbc7/IU8NKdCZVRRBafVPGnoJeFL76ZOAA84I9fEg==}
    engines: {node: '>=4.2.0'}
    hasBin: true
    dev: true
